
Microsoft Visual Studio Solution File, Format Version 12.00
# Visual Studio Version 16
VisualStudioVersion = 16.0.30330.147
MinimumVisualStudioVersion = 10.0.40219.1
Project("{FAE04EC0-301F-11D3-BF4B-00C04F79EFBC}") = "aplicationAurora", "aplicationAurora.csproj", "{701E67C7-182D-4A25-87EA-B94A45CA8118}"
EndProject
Global
	GlobalSection(SolutionConfigurationPlatforms) = preSolution
		Debug|Any CPU = Debug|Any CPU
		Release|Any CPU = Release|Any CPU
	EndGlobalSection
	GlobalSection(ProjectConfigurationPlatforms) = postSolution
		{701E67C7-182D-4A25-87EA-B94A45CA8118}.Debug|Any CPU.ActiveCfg = Debug|Any CPU
		{701E67C7-182D-4A25-87EA-B94A45CA8118}.Debug|Any CPU.Build.0 = Debug|Any CPU
		{701E67C7-182D-4A25-87EA-B94A45CA8118}.Release|Any CPU.ActiveCfg = Release|Any CPU
		{701E67C7-182D-4A25-87EA-B94A45CA8118}.Release|Any CPU.Build.0 = Release|Any CPU
	EndGlobalSection
	GlobalSection(SolutionProperties) = preSolution
		HideSolutionNode = FALSE
	EndGlobalSection
	GlobalSection(ExtensibilityGlobals) = postSolution
		SolutionGuid = {949754EC-33B2-428B-9C99-1B7A831690E9}
	EndGlobalSection
EndGlobal
